
Microsoft Visual Studio Solution File, Format Version 12.00
Project("{FAE04EC0-301F-11D3-BF4B-00C04F79EFBC}") = "HSPI_TeslaPowerwall", "HSPI_TeslaPowerwall\HSPI_TeslaPowerwall.csproj", "{D91E0B78-1F2B-49C0-A7F3-2CFB23573CCE}"
EndProject
Global
	GlobalSection(SolutionConfigurationPlatforms) = preSolution
		Debug|Any CPU = Debug|Any CPU
		Release|Any CPU = Release|Any CPU
	EndGlobalSection
	GlobalSection(ProjectConfigurationPlatforms) = postSolution
		{D91E0B78-1F2B-49C0-A7F3-2CFB23573CCE}.Debug|Any CPU.ActiveCfg = Debug|Any CPU
		{D91E0B78-1F2B-49C0-A7F3-2CFB23573CCE}.Debug|Any CPU.Build.0 = Debug|Any CPU
		{D91E0B78-1F2B-49C0-A7F3-2CFB23573CCE}.Release|Any CPU.ActiveCfg = Release|Any CPU
		{D91E0B78-1F2B-49C0-A7F3-2CFB23573CCE}.Release|Any CPU.Build.0 = Release|Any CPU
	EndGlobalSection
EndGlobal
